{"version":4,"terraform_version":"1.9.1","serial":4,"lineage":"a46a8dcf-6820-9705-17c9-dddebb3cd539","outputs":{"access_grafana":{"value":"kubectl port-forward -n monitoring svc/grafana 3000:80","type":"string"},"access_prometheus":{"value":"kubectl port-forward -n monitoring svc/prometheus-server 9090:80","type":"string"},"grafana_admin_password":{"value":"kubectl get secret --namespace monitoring grafana -o jsonpath='{.data.admin-password}' | base64 --decode","type":"string"}},"resources":[{"mode":"managed","type":"helm_release","name":"grafana","provider":"provider[\"registry.opentofu.org/hashicorp/helm\"]","instances":[{"schema_version":1,"attributes":{"atomic":false,"chart":"grafana","cleanup_on_fail":false,"create_namespace":false,"dependency_update":false,"description":null,"devel":null,"disable_crd_hooks":false,"disable_openapi_validation":false,"disable_webhooks":false,"force_update":false,"id":"grafana","keyring":null,"lint":false,"manifest":null,"max_history":0,"metadata":{"app_version":"12.0.1","chart":"grafana","first_deployed":1750169672,"last_deployed":1750169672,"name":"grafana","namespace":"iac","revision":1,"values":"{\"datasources\":{\"datasources.yaml\":{\"apiVersion\":1,\"datasources\":[{\"access\":\"proxy\",\"isDefault\":true,\"name\":\"Prometheus\",\"type\":\"prometheus\",\"url\":\"http://prometheus-server.iac.svc.cluster.local\"}]}}}","version":"9.2.4"},"name":"grafana","namespace":"iac","pass_credentials":false,"postrender":null,"recreate_pods":false,"render_subchart_notes":true,"replace":false,"repository":"https://grafana.github.io/helm-charts","repository_ca_file":null,"repository_cert_file":null,"repository_key_file":null,"repository_password":null,"repository_username":null,"reset_values":false,"reuse_values":false,"set":null,"set_list":null,"set_sensitive":null,"set_wo":null,"set_wo_revision":null,"skip_crds":false,"status":"deployed","timeout":300,"values":["datasources:\n  datasources.yaml:\n    apiVersion: 1\n    datasources:\n      - name: Prometheus\n        type: prometheus\n        access: proxy\n        url: http://prometheus-server.iac.svc.cluster.local\n        isDefault: true"],"verify":false,"version":"9.2.4","wait":true,"wait_for_jobs":false},"sensitive_attributes":[[{"type":"get_attr","value":"repository_password"}]],"dependencies":["helm_release.prometheus","kubernetes_namespace.iac"]}]},{"mode":"managed","type":"helm_release","name":"prometheus","provider":"provider[\"registry.opentofu.org/hashicorp/helm\"]","instances":[{"schema_version":1,"attributes":{"atomic":false,"chart":"prometheus","cleanup_on_fail":false,"create_namespace":false,"dependency_update":false,"description":null,"devel":null,"disable_crd_hooks":false,"disable_openapi_validation":false,"disable_webhooks":false,"force_update":false,"id":"prometheus","keyring":null,"lint":false,"manifest":null,"max_history":0,"metadata":{"app_version":"v3.4.1","chart":"prometheus","first_deployed":1750169526,"last_deployed":1750169526,"name":"prometheus","namespace":"iac","revision":1,"values":"{}","version":"27.20.0"},"name":"prometheus","namespace":"iac","pass_credentials":false,"postrender":null,"recreate_pods":false,"render_subchart_notes":true,"replace":false,"repository":"https://prometheus-community.github.io/helm-charts","repository_ca_file":null,"repository_cert_file":null,"repository_key_file":null,"repository_password":null,"repository_username":null,"reset_values":false,"reuse_values":false,"set":null,"set_list":null,"set_sensitive":null,"set_wo":null,"set_wo_revision":null,"skip_crds":false,"status":"deployed","timeout":300,"values":null,"verify":false,"version":"27.20.0","wait":true,"wait_for_jobs":false},"sensitive_attributes":[[{"type":"get_attr","value":"repository_password"}]],"dependencies":["kubernetes_namespace.iac"]}]},{"mode":"managed","type":"kubernetes_namespace","name":"app","provider":"provider[\"registry.opentofu.org/hashicorp/kubernetes\"]","instances":[{"schema_version":0,"attributes":{"id":"app","metadata":[{"annotations":null,"generate_name":"","generation":0,"labels":null,"name":"app","resource_version":"2131","uid":"4dbca770-6af7-4ef4-a551-d820f42ada8a"}],"timeouts":null,"wait_for_default_service_account":false},"sensitive_attributes":[],"private":"eyJlMmJmYjczMC1lY2FhLTExZTYtOGY4OC0zNDM2M2JjN2M0YzAiOnsiZGVsZXRlIjozMDAwMDAwMDAwMDB9fQ=="}]},{"mode":"managed","type":"kubernetes_namespace","name":"iac","provider":"provider[\"registry.opentofu.org/hashicorp/kubernetes\"]","instances":[{"schema_version":0,"attributes":{"id":"iac","metadata":[{"annotations":null,"generate_name":"","generation":0,"labels":null,"name":"iac","resource_version":"2132","uid":"915f9cc2-12c6-46a0-852a-6d827f437921"}],"timeouts":null,"wait_for_default_service_account":false},"sensitive_attributes":[],"private":"eyJlMmJmYjczMC1lY2FhLTExZTYtOGY4OC0zNDM2M2JjN2M0YzAiOnsiZGVsZXRlIjozMDAwMDAwMDAwMDB9fQ=="}]}],"check_results":null}
