{"version":4,"terraform_version":"1.9.1","serial":14,"lineage":"df561015-606b-a3db-548f-ba3ebe0c9265","outputs":{"access_docker_registry_nodeport":{"value":"http://localhost:30500","type":"string"},"access_grafana":{"value":"kubectl port-forward -n iac svc/grafana 3000:80","type":"string"},"access_grafana_nodeport":{"value":"http://localhost:30400","type":"string"},"access_jenkins_nodeport":{"value":"http://localhost:30600","type":"string"},"access_prometheus":{"value":"kubectl port-forward -n iac svc/prometheus-server 9090:80","type":"string"},"access_prometheus_nodeport":{"value":"http://localhost:30300","type":"string"},"grafana_admin_password":{"value":"kubectl get secret --namespace iac grafana -o jsonpath='{.data.admin-password}' | base64 --decode","type":"string"},"kind_port_forwarding_command":{"value":"docker port kind-control-plane | grep 30","type":"string"}},"resources":[{"mode":"managed","type":"helm_release","name":"docker_registry","provider":"provider[\"registry.opentofu.org/hashicorp/helm\"]","instances":[{"schema_version":1,"attributes":{"atomic":false,"chart":"docker-registry","cleanup_on_fail":false,"create_namespace":false,"dependency_update":false,"description":null,"devel":null,"disable_crd_hooks":false,"disable_openapi_validation":false,"disable_webhooks":false,"force_update":false,"id":"docker-registry","keyring":null,"lint":false,"manifest":null,"max_history":0,"metadata":{"app_version":"2.7.1","chart":"docker-registry","first_deployed":1750429623,"last_deployed":1750430917,"name":"docker-registry","namespace":"iac","revision":2,"values":"{\"service\":{\"nodePort\":30500,\"type\":\"NodePort\"}}","version":"1.9.6"},"name":"docker-registry","namespace":"iac","pass_credentials":false,"postrender":null,"recreate_pods":false,"render_subchart_notes":true,"replace":false,"repository":"https://charts.helm.sh/stable","repository_ca_file":null,"repository_cert_file":null,"repository_key_file":null,"repository_password":null,"repository_username":null,"reset_values":false,"reuse_values":false,"set":[{"name":"service.type","type":"","value":"NodePort"},{"name":"service.nodePort","type":"","value":"30500"}],"set_list":null,"set_sensitive":null,"set_wo":null,"set_wo_revision":null,"skip_crds":false,"status":"deployed","timeout":600,"values":null,"verify":false,"version":"1.9.6","wait":true,"wait_for_jobs":false},"sensitive_attributes":[[{"type":"get_attr","value":"repository_password"}]],"dependencies":["kubernetes_namespace.iac"]}]},{"mode":"managed","type":"helm_release","name":"grafana","provider":"provider[\"registry.opentofu.org/hashicorp/helm\"]","instances":[{"schema_version":1,"attributes":{"atomic":false,"chart":"grafana","cleanup_on_fail":false,"create_namespace":false,"dependency_update":false,"description":null,"devel":null,"disable_crd_hooks":false,"disable_openapi_validation":false,"disable_webhooks":false,"force_update":false,"id":"grafana","keyring":null,"lint":false,"manifest":null,"max_history":0,"metadata":{"app_version":"12.0.2","chart":"grafana","first_deployed":1750429968,"last_deployed":1750430923,"name":"grafana","namespace":"iac","revision":2,"values":"{\"datasources\":{\"datasources.yaml\":{\"apiVersion\":1,\"datasources\":[{\"access\":\"proxy\",\"isDefault\":true,\"name\":\"Prometheus\",\"type\":\"prometheus\",\"url\":\"http://prometheus-server.iac.svc.cluster.local\"}]}},\"service\":{\"nodePort\":30400,\"type\":\"NodePort\"}}","version":"9.2.7"},"name":"grafana","namespace":"iac","pass_credentials":false,"postrender":null,"recreate_pods":false,"render_subchart_notes":true,"replace":false,"repository":"https://grafana.github.io/helm-charts","repository_ca_file":null,"repository_cert_file":null,"repository_key_file":null,"repository_password":null,"repository_username":null,"reset_values":false,"reuse_values":false,"set":[{"name":"service.type","type":"","value":"NodePort"},{"name":"service.nodePort","type":"","value":"30400"}],"set_list":null,"set_sensitive":null,"set_wo":null,"set_wo_revision":null,"skip_crds":false,"status":"deployed","timeout":600,"values":["datasources:\n  datasources.yaml:\n    apiVersion: 1\n    datasources:\n      - name: Prometheus\n        type: prometheus\n        access: proxy\n        url: http://prometheus-server.iac.svc.cluster.local\n        isDefault: true"],"verify":false,"version":"9.2.7","wait":true,"wait_for_jobs":false},"sensitive_attributes":[[{"type":"get_attr","value":"repository_password"}]],"dependencies":["helm_release.prometheus","kubernetes_namespace.iac"]}]},{"mode":"managed","type":"helm_release","name":"jenkins","provider":"provider[\"registry.opentofu.org/hashicorp/helm\"]","instances":[{"schema_version":1,"attributes":{"atomic":false,"chart":"jenkins","cleanup_on_fail":false,"create_namespace":false,"dependency_update":false,"description":null,"devel":null,"disable_crd_hooks":false,"disable_openapi_validation":false,"disable_webhooks":false,"force_update":false,"id":"jenkins","keyring":null,"lint":false,"manifest":null,"max_history":0,"metadata":{"app_version":"2.504.2","chart":"jenkins","first_deployed":1750430376,"last_deployed":1750430903,"name":"jenkins","namespace":"iac","revision":2,"values":"{\"controller\":{\"nodePort\":30600,\"servicePort\":8080,\"serviceType\":\"NodePort\",\"targetPort\":8080}}","version":"5.8.59"},"name":"jenkins","namespace":"iac","pass_credentials":false,"postrender":null,"recreate_pods":false,"render_subchart_notes":true,"replace":false,"repository":"https://charts.jenkins.io","repository_ca_file":null,"repository_cert_file":null,"repository_key_file":null,"repository_password":null,"repository_username":null,"reset_values":false,"reuse_values":false,"set":[{"name":"controller.serviceType","type":"","value":"NodePort"},{"name":"controller.servicePort","type":"","value":"8080"},{"name":"controller.targetPort","type":"","value":"8080"},{"name":"controller.nodePort","type":"","value":"30600"}],"set_list":null,"set_sensitive":null,"set_wo":null,"set_wo_revision":null,"skip_crds":false,"status":"deployed","timeout":900,"values":null,"verify":false,"version":"5.8.59","wait":true,"wait_for_jobs":false},"sensitive_attributes":[[{"type":"get_attr","value":"repository_password"}]],"dependencies":["kubernetes_namespace.iac"]}]},{"mode":"managed","type":"helm_release","name":"prometheus","provider":"provider[\"registry.opentofu.org/hashicorp/helm\"]","instances":[{"schema_version":1,"attributes":{"atomic":false,"chart":"prometheus","cleanup_on_fail":false,"create_namespace":false,"dependency_update":false,"description":null,"devel":null,"disable_crd_hooks":false,"disable_openapi_validation":false,"disable_webhooks":false,"force_update":false,"id":"prometheus","keyring":null,"lint":false,"manifest":null,"max_history":0,"metadata":{"app_version":"v3.4.1","chart":"prometheus","first_deployed":1750429619,"last_deployed":1750430909,"name":"prometheus","namespace":"iac","revision":2,"values":"{\"server\":{\"service\":{\"nodePort\":30300,\"type\":\"NodePort\"}}}","version":"27.20.1"},"name":"prometheus","namespace":"iac","pass_credentials":false,"postrender":null,"recreate_pods":false,"render_subchart_notes":true,"replace":false,"repository":"https://prometheus-community.github.io/helm-charts","repository_ca_file":null,"repository_cert_file":null,"repository_key_file":null,"repository_password":null,"repository_username":null,"reset_values":false,"reuse_values":false,"set":[{"name":"server.service.type","type":"","value":"NodePort"},{"name":"server.service.nodePort","type":"","value":"30300"}],"set_list":null,"set_sensitive":null,"set_wo":null,"set_wo_revision":null,"skip_crds":false,"status":"deployed","timeout":900,"values":null,"verify":false,"version":"27.20.1","wait":true,"wait_for_jobs":false},"sensitive_attributes":[[{"type":"get_attr","value":"repository_password"}]],"dependencies":["kubernetes_namespace.iac"]}]},{"mode":"managed","type":"kubernetes_namespace","name":"app","provider":"provider[\"registry.opentofu.org/hashicorp/kubernetes\"]","instances":[{"schema_version":0,"attributes":{"id":"app","metadata":[{"annotations":{},"generate_name":"","generation":0,"labels":{},"name":"app","resource_version":"454","uid":"57bdfdda-7343-439a-8a94-a71eba510025"}],"timeouts":null,"wait_for_default_service_account":false},"sensitive_attributes":[],"private":"eyJlMmJmYjczMC1lY2FhLTExZTYtOGY4OC0zNDM2M2JjN2M0YzAiOnsiZGVsZXRlIjozMDAwMDAwMDAwMDB9fQ=="}]},{"mode":"managed","type":"kubernetes_namespace","name":"iac","provider":"provider[\"registry.opentofu.org/hashicorp/kubernetes\"]","instances":[{"schema_version":0,"attributes":{"id":"iac","metadata":[{"annotations":{},"generate_name":"","generation":0,"labels":{},"name":"iac","resource_version":"455","uid":"9dfa9aaf-678b-4995-9527-55158629e989"}],"timeouts":null,"wait_for_default_service_account":false},"sensitive_attributes":[],"private":"eyJlMmJmYjczMC1lY2FhLTExZTYtOGY4OC0zNDM2M2JjN2M0YzAiOnsiZGVsZXRlIjozMDAwMDAwMDAwMDB9fQ=="}]}],"check_results":null}
